
Microsoft Visual Studio Solution File, Format Version 12.00
# Visual Studio 15
VisualStudioVersion = 15.0.28307.1622
MinimumVisualStudioVersion = 10.0.40219.1
Project("{FAE04EC0-301F-11D3-BF4B-00C04F79EFBC}") = "SimpleTaskManager", "SimpleTaskManager\SimpleTaskManager.csproj", "{600ED198-F15A-488C-BFEA-954F6FD230F1}"
EndProject
Project("{840C416C-B8F3-42BC-B0DD-F6BB14C9F8CB}") = "Task Manager", "Task Manager\Task Manager.aiproj", "{5D484D09-1FAA-49EF-8D3F-F9243624CFED}"
EndProject
Global
	GlobalSection(SolutionConfigurationPlatforms) = preSolution
		All|Any CPU = All|Any CPU
		Debug|Any CPU = Debug|Any CPU
		Release|Any CPU = Release|Any CPU
	EndGlobalSection
	GlobalSection(ProjectConfigurationPlatforms) = postSolution
		{600ED198-F15A-488C-BFEA-954F6FD230F1}.All|Any CPU.ActiveCfg = Release|Any CPU
		{600ED198-F15A-488C-BFEA-954F6FD230F1}.All|Any CPU.Build.0 = Release|Any CPU
		{600ED198-F15A-488C-BFEA-954F6FD230F1}.Debug|Any CPU.ActiveCfg = Debug|Any CPU
		{600ED198-F15A-488C-BFEA-954F6FD230F1}.Debug|Any CPU.Build.0 = Debug|Any CPU
		{600ED198-F15A-488C-BFEA-954F6FD230F1}.Release|Any CPU.ActiveCfg = Release|Any CPU
		{600ED198-F15A-488C-BFEA-954F6FD230F1}.Release|Any CPU.Build.0 = Release|Any CPU
		{5D484D09-1FAA-49EF-8D3F-F9243624CFED}.All|Any CPU.ActiveCfg = DefaultBuild
		{5D484D09-1FAA-49EF-8D3F-F9243624CFED}.All|Any CPU.Build.0 = DefaultBuild
		{5D484D09-1FAA-49EF-8D3F-F9243624CFED}.Debug|Any CPU.ActiveCfg = DefaultBuild
		{5D484D09-1FAA-49EF-8D3F-F9243624CFED}.Debug|Any CPU.Build.0 = DefaultBuild
		{5D484D09-1FAA-49EF-8D3F-F9243624CFED}.Release|Any CPU.ActiveCfg = DefaultBuild
		{5D484D09-1FAA-49EF-8D3F-F9243624CFED}.Release|Any CPU.Build.0 = DefaultBuild
	EndGlobalSection
	GlobalSection(SolutionProperties) = preSolution
		HideSolutionNode = FALSE
	EndGlobalSection
	GlobalSection(ExtensibilityGlobals) = postSolution
		SolutionGuid = {9763CE3C-A826-4A05-B70D-A0EB84CB6963}
	EndGlobalSection
EndGlobal
